
Microsoft Visual Studio Solution File, Format Version 12.00
# Visual Studio Version 17
VisualStudioVersion = 17.5.002.0
MinimumVisualStudioVersion = 10.0.40219.1
Project("{9A19103F-16F7-4668-BE54-9A1E7A4F7556}") = "Exercise001", "Exercise001.csproj", "{43051340-91D3-4A77-B1D7-FD9D49CCE92D}"
EndProject
Global
	GlobalSection(SolutionConfigurationPlatforms) = preSolution
		Debug|Any CPU = Debug|Any CPU
		Release|Any CPU = Release|Any CPU
	EndGlobalSection
	GlobalSection(ProjectConfigurationPlatforms) = postSolution
		{43051340-91D3-4A77-B1D7-FD9D49CCE92D}.Debug|Any CPU.ActiveCfg = Debug|Any CPU
		{43051340-91D3-4A77-B1D7-FD9D49CCE92D}.Debug|Any CPU.Build.0 = Debug|Any CPU
		{43051340-91D3-4A77-B1D7-FD9D49CCE92D}.Release|Any CPU.ActiveCfg = Release|Any CPU
		{43051340-91D3-4A77-B1D7-FD9D49CCE92D}.Release|Any CPU.Build.0 = Release|Any CPU
	EndGlobalSection
	GlobalSection(SolutionProperties) = preSolution
		HideSolutionNode = FALSE
	EndGlobalSection
	GlobalSection(ExtensibilityGlobals) = postSolution
		SolutionGuid = {77D9E83F-D1D0-4D1E-AFCC-E44ABD26BC03}
	EndGlobalSection
EndGlobal
